{
  "name": "lp",
  "lockfileVersion": 3,
  "requires": true,
  "packages": {
    "": {
      "name": "lp",
      "dependencies": {
        "@cloudflare/pages-plugin-vercel-og": "^0.1.2",
        "hono": "^4.6.16",
        "workers-og": "^0.0.25"
      },
      "devDependencies": {
        "@cloudflare/workers-types": "^4.20250109.0",
        "wrangler": "^3.101.0"
      }
    },
    "node_modules/@cloudflare/kv-asset-handler": {
      "version": "0.3.4",
      "resolved": "https://registry.npmjs.org/@cloudflare/kv-asset-handler/-/kv-asset-handler-0.3.4.tgz",
      "integrity": "sha512-YLPHc8yASwjNkmcDMQMY35yiWjoKAKnhUbPRszBRS0YgH+IXtsMp61j+yTcnCE3oO2DgP0U3iejLC8FTtKDC8Q==",
      "dev": true,
      "dependencies": {
        "mime": "^3.0.0"
      },
      "engines": {
        "node": ">=16.13"
      }
    },
    "node_modules/@cloudflare/pages-plugin-vercel-og": {
      "version": "0.1.2",
      "resolved": "https://registry.npmjs.org/@cloudflare/pages-plugin-vercel-og/-/pages-plugin-vercel-og-0.1.2.tgz",
      "integrity": "sha512-aWA2pHu1R2UbOJIcSASCuViyYVEhYkZ3tWTrTnr+yLosBfksOzjecHQkCkPv/jy75hGPrn1BbtsQR+oWVFkp1g=="
    },
    "node_modules/@cloudflare/workerd-darwin-64": {
      "version": "1.20241230.0",
      "resolved": "https://registry.npmjs.org/@cloudflare/workerd-darwin-64/-/workerd-darwin-64-1.20241230.0.tgz",
      "integrity": "sha512-BZHLg4bbhNQoaY1Uan81O3FV/zcmWueC55juhnaI7NAobiQth9RppadPNpxNAmS9fK2mR5z8xrwMQSQrHmztyQ==",
      "cpu": [
        "x64"
      ],
      "dev": true,
      "optional": true,
      "os": [
        "darwin"
      ],
      "engines": {
        "node": ">=16"
      }
    },
    "node_modules/@cloudflare/workerd-darwin-arm64": {
      "version": "1.20241230.0",
      "resolved": "https://registry.npmjs.org/@cloudflare/workerd-darwin-arm64/-/workerd-darwin-arm64-1.20241230.0.tgz",
      "integrity": "sha512-lllxycj7EzYoJ0VOJh8M3palUgoonVrILnzGrgsworgWlIpgjfXGS7b41tEGCw6AxSxL9prmTIGtfSPUvn/rjg==",
      "cpu": [
        "arm64"
      ],
      "dev": true,
      "optional": true,
      "os": [
        "darwin"
      ],
      "engines": {
        "node": ">=16"
      }
    },
    "node_modules/@cloudflare/workerd-linux-64": {
      "version": "1.20241230.0",
      "resolved": "https://registry.npmjs.org/@cloudflare/workerd-linux-64/-/workerd-linux-64-1.20241230.0.tgz",
      "integrity": "sha512-Y3mHcW0KghOmWdNZyHYpEOG4Ba/ga8tht5vj1a+WXfagEjMO8Y98XhZUlCaYa9yB7Wh5jVcK5LM2jlO/BLgqpA==",
      "cpu": [
        "x64"
      ],
      "dev": true,
      "optional": true,
      "os": [
        "linux"
      ],
      "engines": {
        "node": ">=16"
      }
    },
    "node_modules/@cloudflare/workerd-linux-arm64": {
      "version": "1.20241230.0",
      "resolved": "https://registry.npmjs.org/@cloudflare/workerd-linux-arm64/-/workerd-linux-arm64-1.20241230.0.tgz",
      "integrity": "sha512-IAjhsWPlHzhhkJ6I49sDG6XfMnhPvv0szKGXxTWQK/IWMrbGdHm4RSfNKBSoLQm67jGMIzbmcrX9UIkms27Y1g==",
      "cpu": [
        "arm64"
      ],
      "dev": true,
      "optional": true,
      "os": [
        "linux"
      ],
      "engines": {
        "node": ">=16"
      }
    },
    "node_modules/@cloudflare/workerd-windows-64": {
      "version": "1.20241230.0",
      "resolved": "https://registry.npmjs.org/@cloudflare/workerd-windows-64/-/workerd-windows-64-1.20241230.0.tgz",
      "integrity": "sha512-y5SPIk9iOb2gz+yWtHxoeMnjPnkYQswiCJ480oHC6zexnJLlKTpcmBCjDH1nWCT4pQi8F25gaH8thgElf4NvXQ==",
      "cpu": [
        "x64"
      ],
      "dev": true,
      "optional": true,
      "os": [
        "win32"
      ],
      "engines": {
        "node": ">=16"
      }
    },
    "node_modules/@cloudflare/workers-types": {
      "version": "4.20250109.0",
      "resolved": "https://registry.npmjs.org/@cloudflare/workers-types/-/workers-types-4.20250109.0.tgz",
      "integrity": "sha512-Y1zgSaEOOevl9ORpzgMcm4j535p3nK2lrblHHvYM2yxR50SBKGh+wvkRFAIxWRfjUGZEU+Fp6923EGioDBbobA==",
      "dev": true
    },
    "node_modules/@cspotcode/source-map-support": {
      "version": "0.8.1",
      "resolved": "https://registry.npmjs.org/@cspotcode/source-map-support/-/source-map-support-0.8.1.tgz",
      "integrity": "sha512-IchNf6dN4tHoMFIn/7OE8LWZ19Y6q/67Bmf6vnGREv8RSbBVb9LPJxEcnwrcwX6ixSvaiGoomAUvu4YSxXrVgw==",
      "dev": true,
      "dependencies": {
        "@jridgewell/trace-mapping": "0.3.9"
      },
      "engines": {
        "node": ">=12"
      }
    },
    "node_modules/@esbuild-plugins/node-globals-polyfill": {
      "version": "0.2.3",
      "resolved": "https://registry.npmjs.org/@esbuild-plugins/node-globals-polyfill/-/node-globals-polyfill-0.2.3.tgz",
      "integrity": "sha512-r3MIryXDeXDOZh7ih1l/yE9ZLORCd5e8vWg02azWRGj5SPTuoh69A2AIyn0Z31V/kHBfZ4HgWJ+OK3GTTwLmnw==",
      "dev": true,
      "peerDependencies": {
        "esbuild": "*"
      }
    },
    "node_modules/@esbuild-plugins/node-modules-polyfill": {
      "version": "0.2.2",
      "resolved": "https://registry.npmjs.org/@esbuild-plugins/node-modules-polyfill/-/node-modules-polyfill-0.2.2.tgz",
      "integrity": "sha512-LXV7QsWJxRuMYvKbiznh+U1ilIop3g2TeKRzUxOG5X3YITc8JyyTa90BmLwqqv0YnX4v32CSlG+vsziZp9dMvA==",
      "dev": true,
      "dependencies": {
        "escape-string-regexp": "^4.0.0",
        "rollup-plugin-node-polyfills": "^0.2.1"
      },
      "peerDependencies": {
        "esbuild": "*"
      }
    },
    "node_modules/@esbuild/android-arm": {
      "version": "0.17.19",
      "resolved": "https://registry.npmjs.org/@esbuild/android-arm/-/android-arm-0.17.19.tgz",
      "integrity": "sha512-rIKddzqhmav7MSmoFCmDIb6e2W57geRsM94gV2l38fzhXMwq7hZoClug9USI2pFRGL06f4IOPHHpFNOkWieR8A==",
      "cpu": [
        "arm"
      ],
      "dev": true,
      "optional": true,
      "os": [
        "android"
      ],
      "engines": {
        "node": ">=12"
      }
    },
    "node_modules/@esbuild/android-arm64": {
      "version": "0.17.19",
      "resolved": "https://registry.npmjs.org/@esbuild/android-arm64/-/android-arm64-0.17.19.tgz",
      "integrity": "sha512-KBMWvEZooR7+kzY0BtbTQn0OAYY7CsiydT63pVEaPtVYF0hXbUaOyZog37DKxK7NF3XacBJOpYT4adIJh+avxA==",
      "cpu": [
        "arm64"
      ],
      "dev": true,
      "optional": true,
      "os": [
        "android"
      ],
      "engines": {
        "node": ">=12"
      }
    },
    "node_modules/@esbuild/android-x64": {
      "version": "0.17.19",
      "resolved": "https://registry.npmjs.org/@esbuild/android-x64/-/android-x64-0.17.19.tgz",
      "integrity": "sha512-uUTTc4xGNDT7YSArp/zbtmbhO0uEEK9/ETW29Wk1thYUJBz3IVnvgEiEwEa9IeLyvnpKrWK64Utw2bgUmDveww==",
      "cpu": [
        "x64"
      ],
      "dev": true,
      "optional": true,
      "os": [
        "android"
      ],
      "engines": {
        "node": ">=12"
      }
    },
    "node_modules/@esbuild/darwin-arm64": {
      "version": "0.17.19",
      "resolved": "https://registry.npmjs.org/@esbuild/darwin-arm64/-/darwin-arm64-0.17.19.tgz",
      "integrity": "sha512-80wEoCfF/hFKM6WE1FyBHc9SfUblloAWx6FJkFWTWiCoht9Mc0ARGEM47e67W9rI09YoUxJL68WHfDRYEAvOhg==",
      "cpu": [
        "arm64"
      ],
      "dev": true,
      "optional": true,
      "os": [
        "darwin"
      ],
      "engines": {
        "node": ">=12"
      }
    },
    "node_modules/@esbuild/darwin-x64": {
      "version": "0.17.19",
      "resolved": "https://registry.npmjs.org/@esbuild/darwin-x64/-/darwin-x64-0.17.19.tgz",
      "integrity": "sha512-IJM4JJsLhRYr9xdtLytPLSH9k/oxR3boaUIYiHkAawtwNOXKE8KoU8tMvryogdcT8AU+Bflmh81Xn6Q0vTZbQw==",
      "cpu": [
        "x64"
      ],
      "dev": true,
      "optional": true,
      "os": [
        "darwin"
      ],
      "engines": {
        "node": ">=12"
      }
    },
    "node_modules/@esbuild/freebsd-arm64": {
      "version": "0.17.19",
      "resolved": "https://registry.npmjs.org/@esbuild/freebsd-arm64/-/freebsd-arm64-0.17.19.tgz",
      "integrity": "sha512-pBwbc7DufluUeGdjSU5Si+P3SoMF5DQ/F/UmTSb8HXO80ZEAJmrykPyzo1IfNbAoaqw48YRpv8shwd1NoI0jcQ==",
      "cpu": [
        "arm64"
      ],
      "dev": true,
      "optional": true,
      "os": [
        "freebsd"
      ],
      "engines": {
        "node": ">=12"
      }
    },
    "node_modules/@esbuild/freebsd-x64": {
      "version": "0.17.19",
      "resolved": "https://registry.npmjs.org/@esbuild/freebsd-x64/-/freebsd-x64-0.17.19.tgz",
      "integrity": "sha512-4lu+n8Wk0XlajEhbEffdy2xy53dpR06SlzvhGByyg36qJw6Kpfk7cp45DR/62aPH9mtJRmIyrXAS5UWBrJT6TQ==",
      "cpu": [
        "x64"
      ],
      "dev": true,
      "optional": true,
      "os": [
        "freebsd"
      ],
      "engines": {
        "node": ">=12"
      }
    },
    "node_modules/@esbuild/linux-arm": {
      "version": "0.17.19",
      "resolved": "https://registry.npmjs.org/@esbuild/linux-arm/-/linux-arm-0.17.19.tgz",
      "integrity": "sha512-cdmT3KxjlOQ/gZ2cjfrQOtmhG4HJs6hhvm3mWSRDPtZ/lP5oe8FWceS10JaSJC13GBd4eH/haHnqf7hhGNLerA==",
      "cpu": [
        "arm"
      ],
      "dev": true,
      "optional": true,
      "os": [
        "linux"
      ],
      "engines": {
        "node": ">=12"
      }
    },
    "node_modules/@esbuild/linux-arm64": {
      "version": "0.17.19",
      "resolved": "https://registry.npmjs.org/@esbuild/linux-arm64/-/linux-arm64-0.17.19.tgz",
      "integrity": "sha512-ct1Tg3WGwd3P+oZYqic+YZF4snNl2bsnMKRkb3ozHmnM0dGWuxcPTTntAF6bOP0Sp4x0PjSF+4uHQ1xvxfRKqg==",
      "cpu": [
        "arm64"
      ],
      "dev": true,
      "optional": true,
      "os": [
        "linux"
      ],
      "engines": {
        "node": ">=12"
      }
    },
    "node_modules/@esbuild/linux-ia32": {
      "version": "0.17.19",
      "resolved": "https://registry.npmjs.org/@esbuild/linux-ia32/-/linux-ia32-0.17.19.tgz",
      "integrity": "sha512-w4IRhSy1VbsNxHRQpeGCHEmibqdTUx61Vc38APcsRbuVgK0OPEnQ0YD39Brymn96mOx48Y2laBQGqgZ0j9w6SQ==",
      "cpu": [
        "ia32"
      ],
      "dev": true,
      "optional": true,
      "os": [
        "linux"
      ],
      "engines": {
        "node": ">=12"
      }
    },
    "node_modules/@esbuild/linux-loong64": {
      "version": "0.17.19",
      "resolved": "https://registry.npmjs.org/@esbuild/linux-loong64/-/linux-loong64-0.17.19.tgz",
      "integrity": "sha512-2iAngUbBPMq439a+z//gE+9WBldoMp1s5GWsUSgqHLzLJ9WoZLZhpwWuym0u0u/4XmZ3gpHmzV84PonE+9IIdQ==",
      "cpu": [
        "loong64"
      ],
      "dev": true,
      "optional": true,
      "os": [
        "linux"
      ],
      "engines": {
        "node": ">=12"
      }
    },
    "node_modules/@esbuild/linux-mips64el": {
      "version": "0.17.19",
      "resolved": "https://registry.npmjs.org/@esbuild/linux-mips64el/-/linux-mips64el-0.17.19.tgz",
      "integrity": "sha512-LKJltc4LVdMKHsrFe4MGNPp0hqDFA1Wpt3jE1gEyM3nKUvOiO//9PheZZHfYRfYl6AwdTH4aTcXSqBerX0ml4A==",
      "cpu": [
        "mips64el"
      ],
      "dev": true,
      "optional": true,
      "os": [
        "linux"
      ],
      "engines": {
        "node": ">=12"
      }
    },
    "node_modules/@esbuild/linux-ppc64": {
      "version": "0.17.19",
      "resolved": "https://registry.npmjs.org/@esbuild/linux-ppc64/-/linux-ppc64-0.17.19.tgz",
      "integrity": "sha512-/c/DGybs95WXNS8y3Ti/ytqETiW7EU44MEKuCAcpPto3YjQbyK3IQVKfF6nbghD7EcLUGl0NbiL5Rt5DMhn5tg==",
      "cpu": [
        "ppc64"
      ],
      "dev": true,
      "optional": true,
      "os": [
        "linux"
      ],
      "engines": {
        "node": ">=12"
      }
    },
    "node_modules/@esbuild/linux-riscv64": {
      "version": "0.17.19",
      "resolved": "https://registry.npmjs.org/@esbuild/linux-riscv64/-/linux-riscv64-0.17.19.tgz",
      "integrity": "sha512-FC3nUAWhvFoutlhAkgHf8f5HwFWUL6bYdvLc/TTuxKlvLi3+pPzdZiFKSWz/PF30TB1K19SuCxDTI5KcqASJqA==",
      "cpu": [
        "riscv64"
      ],
      "dev": true,
      "optional": true,
      "os": [
        "linux"
      ],
      "engines": {
        "node": ">=12"
      }
    },
    "node_modules/@esbuild/linux-s390x": {
      "version": "0.17.19",
      "resolved": "https://registry.npmjs.org/@esbuild/linux-s390x/-/linux-s390x-0.17.19.tgz",
      "integrity": "sha512-IbFsFbxMWLuKEbH+7sTkKzL6NJmG2vRyy6K7JJo55w+8xDk7RElYn6xvXtDW8HCfoKBFK69f3pgBJSUSQPr+4Q==",
      "cpu": [
        "s390x"
      ],
      "dev": true,
      "optional": true,
      "os": [
        "linux"
      ],
      "engines": {
        "node": ">=12"
      }
    },
    "node_modules/@esbuild/linux-x64": {
      "version": "0.17.19",
      "resolved": "https://registry.npmjs.org/@esbuild/linux-x64/-/linux-x64-0.17.19.tgz",
      "integrity": "sha512-68ngA9lg2H6zkZcyp22tsVt38mlhWde8l3eJLWkyLrp4HwMUr3c1s/M2t7+kHIhvMjglIBrFpncX1SzMckomGw==",
      "cpu": [
        "x64"
      ],
      "dev": true,
      "optional": true,
      "os": [
        "linux"
      ],
      "engines": {
        "node": ">=12"
      }
    },
    "node_modules/@esbuild/netbsd-x64": {
      "version": "0.17.19",
      "resolved": "https://registry.npmjs.org/@esbuild/netbsd-x64/-/netbsd-x64-0.17.19.tgz",
      "integrity": "sha512-CwFq42rXCR8TYIjIfpXCbRX0rp1jo6cPIUPSaWwzbVI4aOfX96OXY8M6KNmtPcg7QjYeDmN+DD0Wp3LaBOLf4Q==",
      "cpu": [
        "x64"
      ],
      "dev": true,
      "optional": true,
      "os": [
        "netbsd"
      ],
      "engines": {
        "node": ">=12"
      }
    },
    "node_modules/@esbuild/openbsd-x64": {
      "version": "0.17.19",
      "resolved": "https://registry.npmjs.org/@esbuild/openbsd-x64/-/openbsd-x64-0.17.19.tgz",
      "integrity": "sha512-cnq5brJYrSZ2CF6c35eCmviIN3k3RczmHz8eYaVlNasVqsNY+JKohZU5MKmaOI+KkllCdzOKKdPs762VCPC20g==",
      "cpu": [
        "x64"
      ],
      "dev": true,
      "optional": true,
      "os": [
        "openbsd"
      ],
      "engines": {
        "node": ">=12"
      }
    },
    "node_modules/@esbuild/sunos-x64": {
      "version": "0.17.19",
      "resolved": "https://registry.npmjs.org/@esbuild/sunos-x64/-/sunos-x64-0.17.19.tgz",
      "integrity": "sha512-vCRT7yP3zX+bKWFeP/zdS6SqdWB8OIpaRq/mbXQxTGHnIxspRtigpkUcDMlSCOejlHowLqII7K2JKevwyRP2rg==",
      "cpu": [
        "x64"
      ],
      "dev": true,
      "optional": true,
      "os": [
        "sunos"
      ],
      "engines": {
        "node": ">=12"
      }
    },
    "node_modules/@esbuild/win32-arm64": {
      "version": "0.17.19",
      "resolved": "https://registry.npmjs.org/@esbuild/win32-arm64/-/win32-arm64-0.17.19.tgz",
      "integrity": "sha512-yYx+8jwowUstVdorcMdNlzklLYhPxjniHWFKgRqH7IFlUEa0Umu3KuYplf1HUZZ422e3NU9F4LGb+4O0Kdcaag==",
      "cpu": [
        "arm64"
      ],
      "dev": true,
      "optional": true,
      "os": [
        "win32"
      ],
      "engines": {
        "node": ">=12"
      }
    },
    "node_modules/@esbuild/win32-ia32": {
      "version": "0.17.19",
      "resolved": "https://registry.npmjs.org/@esbuild/win32-ia32/-/win32-ia32-0.17.19.tgz",
      "integrity": "sha512-eggDKanJszUtCdlVs0RB+h35wNlb5v4TWEkq4vZcmVt5u/HiDZrTXe2bWFQUez3RgNHwx/x4sk5++4NSSicKkw==",
      "cpu": [
        "ia32"
      ],
      "dev": true,
      "optional": true,
      "os": [
        "win32"
      ],
      "engines": {
        "node": ">=12"
      }
    },
    "node_modules/@esbuild/win32-x64": {
      "version": "0.17.19",
      "resolved": "https://registry.npmjs.org/@esbuild/win32-x64/-/win32-x64-0.17.19.tgz",
      "integrity": "sha512-lAhycmKnVOuRYNtRtatQR1LPQf2oYCkRGkSFnseDAKPl8lu5SOsK/e1sXe5a0Pc5kHIHe6P2I/ilntNv2xf3cA==",
      "cpu": [
        "x64"
      ],
      "dev": true,
      "optional": true,
      "os": [
        "win32"
      ],
      "engines": {
        "node": ">=12"
      }
    },
    "node_modules/@fastify/busboy": {
      "version": "2.1.1",
      "resolved": "https://registry.npmjs.org/@fastify/busboy/-/busboy-2.1.1.tgz",
      "integrity": "sha512-vBZP4NlzfOlerQTnba4aqZoMhE/a9HY7HRqoOPaETQcSQuWEIyZMHGfVu6w9wGtGK5fED5qRs2DteVCjOH60sA==",
      "dev": true,
      "engines": {
        "node": ">=14"
      }
    },
    "node_modules/@jridgewell/resolve-uri": {
      "version": "3.1.2",
      "resolved": "https://registry.npmjs.org/@jridgewell/resolve-uri/-/resolve-uri-3.1.2.tgz",
      "integrity": "sha512-bRISgCIjP20/tbWSPWMEi54QVPRZExkuD9lJL+UIxUKtwVJA8wW1Trb1jMs1RFXo1CBTNZ/5hpC9QvmKWdopKw==",
      "dev": true,
      "engines": {
        "node": ">=6.0.0"
      }
    },
    "node_modules/@jridgewell/sourcemap-codec": {
      "version": "1.5.0",
      "resolved": "https://registry.npmjs.org/@jridgewell/sourcemap-codec/-/sourcemap-codec-1.5.0.tgz",
      "integrity": "sha512-gv3ZRaISU3fjPAgNsriBRqGWQL6quFx04YMPW/zD8XMLsU32mhCCbfbO6KZFLjvYpCZ8zyDEgqsgf+PwPaM7GQ==",
      "dev": true
    },
    "node_modules/@jridgewell/trace-mapping": {
      "version": "0.3.9",
      "resolved": "https://registry.npmjs.org/@jridgewell/trace-mapping/-/trace-mapping-0.3.9.tgz",
      "integrity": "sha512-3Belt6tdc8bPgAtbcmdtNJlirVoTmEb5e2gC94PnkwEW9jI6CAHUeoG85tjWP5WquqfavoMtMwiG4P926ZKKuQ==",
      "dev": true,
      "dependencies": {
        "@jridgewell/resolve-uri": "^3.0.3",
        "@jridgewell/sourcemap-codec": "^1.4.10"
      }
    },
    "node_modules/@resvg/resvg-wasm": {
      "version": "2.6.2",
      "resolved": "https://registry.npmjs.org/@resvg/resvg-wasm/-/resvg-wasm-2.6.2.tgz",
      "integrity": "sha512-FqALmHI8D4o6lk/LRWDnhw95z5eO+eAa6ORjVg09YRR7BkcM6oPHU9uyC0gtQG5vpFLvgpeU4+zEAz2H8APHNw==",
      "engines": {
        "node": ">= 10"
      }
    },
    "node_modules/@shuding/opentype.js": {
      "version": "1.4.0-beta.0",
      "resolved": "https://registry.npmjs.org/@shuding/opentype.js/-/opentype.js-1.4.0-beta.0.tgz",
      "integrity": "sha512-3NgmNyH3l/Hv6EvsWJbsvpcpUba6R8IREQ83nH83cyakCw7uM1arZKNfHwv1Wz6jgqrF/j4x5ELvR6PnK9nTcA==",
      "dependencies": {
        "fflate": "^0.7.3",
        "string.prototype.codepointat": "^0.2.1"
      },
      "bin": {
        "ot": "bin/ot"
      },
      "engines": {
        "node": ">= 8.0.0"
      }
    },
    "node_modules/acorn": {
      "version": "8.14.0",
      "resolved": "https://registry.npmjs.org/acorn/-/acorn-8.14.0.tgz",
      "integrity": "sha512-cl669nCJTZBsL97OF4kUQm5g5hC2uihk0NxY3WENAC0TYdILVkAyHymAntgxGkl7K+t0cXIrH5siy5S4XkFycA==",
      "dev": true,
      "bin": {
        "acorn": "bin/acorn"
      },
      "engines": {
        "node": ">=0.4.0"
      }
    },
    "node_modules/acorn-walk": {
      "version": "8.3.4",
      "resolved": "https://registry.npmjs.org/acorn-walk/-/acorn-walk-8.3.4.tgz",
      "integrity": "sha512-ueEepnujpqee2o5aIYnvHU6C0A42MNdsIDeqy5BydrkuC5R1ZuUFnm27EeFJGoEHJQgn3uleRvmTXaJgfXbt4g==",
      "dev": true,
      "dependencies": {
        "acorn": "^8.11.0"
      },
      "engines": {
        "node": ">=0.4.0"
      }
    },
    "node_modules/as-table": {
      "version": "1.0.55",
      "resolved": "https://registry.npmjs.org/as-table/-/as-table-1.0.55.tgz",
      "integrity": "sha512-xvsWESUJn0JN421Xb9MQw6AsMHRCUknCe0Wjlxvjud80mU4E6hQf1A6NzQKcYNmYw62MfzEtXc+badstZP3JpQ==",
      "dev": true,
      "dependencies": {
        "printable-characters": "^1.0.42"
      }
    },
    "node_modules/base64-js": {
      "version": "0.0.8",
      "resolved": "https://registry.npmjs.org/base64-js/-/base64-js-0.0.8.tgz",
      "integrity": "sha512-3XSA2cR/h/73EzlXXdU6YNycmYI7+kicTxks4eJg2g39biHR84slg2+des+p7iHYhbRg/udIS4TD53WabcOUkw==",
      "engines": {
        "node": ">= 0.4"
      }
    },
    "node_modules/blake3-wasm": {
      "version": "2.1.5",
      "resolved": "https://registry.npmjs.org/blake3-wasm/-/blake3-wasm-2.1.5.tgz",
      "integrity": "sha512-F1+K8EbfOZE49dtoPtmxUQrpXaBIl3ICvasLh+nJta0xkz+9kF/7uet9fLnwKqhDrmj6g+6K3Tw9yQPUg2ka5g==",
      "dev": true
    },
    "node_modules/camelize": {
      "version": "1.0.1",
      "resolved": "https://registry.npmjs.org/camelize/-/camelize-1.0.1.tgz",
      "integrity": "sha512-dU+Tx2fsypxTgtLoE36npi3UqcjSSMNYfkqgmoEhtZrraP5VWq0K7FkWVTYa8eMPtnU/G2txVsfdCJTn9uzpuQ==",
      "funding": {
        "url": "https://github.com/sponsors/ljharb"
      }
    },
    "node_modules/capnp-ts": {
      "version": "0.7.0",
      "resolved": "https://registry.npmjs.org/capnp-ts/-/capnp-ts-0.7.0.tgz",
      "integrity": "sha512-XKxXAC3HVPv7r674zP0VC3RTXz+/JKhfyw94ljvF80yynK6VkTnqE3jMuN8b3dUVmmc43TjyxjW4KTsmB3c86g==",
      "dev": true,
      "dependencies": {
        "debug": "^4.3.1",
        "tslib": "^2.2.0"
      }
    },
    "node_modules/color-name": {
      "version": "1.1.4",
      "resolved": "https://registry.npmjs.org/color-name/-/color-name-1.1.4.tgz",
      "integrity": "sha512-dOy+3AuW3a2wNbZHIuMZpTcgjGuLU/uBL/ubcZF9OXbDo8ff4O8yVp5Bf0efS8uEoYo5q4Fx7dY9OgQGXgAsQA=="
    },
    "node_modules/confbox": {
      "version": "0.1.8",
      "resolved": "https://registry.npmjs.org/confbox/-/confbox-0.1.8.tgz",
      "integrity": "sha512-RMtmw0iFkeR4YV+fUOSucriAQNb9g8zFR52MWCtl+cCZOFRNL6zeB395vPzFhEjjn4fMxXudmELnl/KF/WrK6w==",
      "dev": true
    },
    "node_modules/cookie": {
      "version": "0.7.2",
      "resolved": "https://registry.npmjs.org/cookie/-/cookie-0.7.2.tgz",
      "integrity": "sha512-yki5XnKuf750l50uGTllt6kKILY4nQ1eNIQatoXEByZ5dWgnKqbnqmTrBE5B4N7lrMJKQ2ytWMiTO2o0v6Ew/w==",
      "dev": true,
      "engines": {
        "node": ">= 0.6"
      }
    },
    "node_modules/css-background-parser": {
      "version": "0.1.0",
      "resolved": "https://registry.npmjs.org/css-background-parser/-/css-background-parser-0.1.0.tgz",
      "integrity": "sha512-2EZLisiZQ+7m4wwur/qiYJRniHX4K5Tc9w93MT3AS0WS1u5kaZ4FKXlOTBhOjc+CgEgPiGY+fX1yWD8UwpEqUA=="
    },
    "node_modules/css-box-shadow": {
      "version": "1.0.0-3",
      "resolved": "https://registry.npmjs.org/css-box-shadow/-/css-box-shadow-1.0.0-3.tgz",
      "integrity": "sha512-9jaqR6e7Ohds+aWwmhe6wILJ99xYQbfmK9QQB9CcMjDbTxPZjwEmUQpU91OG05Xgm8BahT5fW+svbsQGjS/zPg=="
    },
    "node_modules/css-color-keywords": {
      "version": "1.0.0",
      "resolved": "https://registry.npmjs.org/css-color-keywords/-/css-color-keywords-1.0.0.tgz",
      "integrity": "sha512-FyyrDHZKEjXDpNJYvVsV960FiqQyXc/LlYmsxl2BcdMb2WPx0OGRVgTg55rPSyLSNMqP52R9r8geSp7apN3Ofg==",
      "engines": {
        "node": ">=4"
      }
    },
    "node_modules/css-to-react-native": {
      "version": "3.2.0",
      "resolved": "https://registry.npmjs.org/css-to-react-native/-/css-to-react-native-3.2.0.tgz",
      "integrity": "sha512-e8RKaLXMOFii+02mOlqwjbD00KSEKqblnpO9e++1aXS1fPQOpS1YoqdVHBqPjHNoxeF2mimzVqawm2KCbEdtHQ==",
      "dependencies": {
        "camelize": "^1.0.0",
        "css-color-keywords": "^1.0.0",
        "postcss-value-parser": "^4.0.2"
      }
    },
    "node_modules/data-uri-to-buffer": {
      "version": "2.0.2",
      "resolved": "https://registry.npmjs.org/data-uri-to-buffer/-/data-uri-to-buffer-2.0.2.tgz",
      "integrity": "sha512-ND9qDTLc6diwj+Xe5cdAgVTbLVdXbtxTJRXRhli8Mowuaan+0EJOtdqJ0QCHNSSPyoXGx9HX2/VMnKeC34AChA==",
      "dev": true
    },
    "node_modules/debug": {
      "version": "4.4.0",
      "resolved": "https://registry.npmjs.org/debug/-/debug-4.4.0.tgz",
      "integrity": "sha512-6WTZ/IxCY/T6BALoZHaE4ctp9xm+Z5kY/pzYaCHRFeyVhojxlrm+46y68HA6hr0TcwEssoxNiDEUJQjfPZ/RYA==",
      "dev": true,
      "dependencies": {
        "ms": "^2.1.3"
      },
      "engines": {
        "node": ">=6.0"
      },
      "peerDependenciesMeta": {
        "supports-color": {
          "optional": true
        }
      }
    },
    "node_modules/defu": {
      "version": "6.1.4",
      "resolved": "https://registry.npmjs.org/defu/-/defu-6.1.4.tgz",
      "integrity": "sha512-mEQCMmwJu317oSz8CwdIOdwf3xMif1ttiM8LTufzc3g6kR+9Pe236twL8j3IYT1F7GfRgGcW6MWxzZjLIkuHIg==",
      "dev": true
    },
    "node_modules/emoji-regex": {
      "version": "10.4.0",
      "resolved": "https://registry.npmjs.org/emoji-regex/-/emoji-regex-10.4.0.tgz",
      "integrity": "sha512-EC+0oUMY1Rqm4O6LLrgjtYDvcVYTy7chDnM4Q7030tP4Kwj3u/pR6gP9ygnp2CJMK5Gq+9Q2oqmrFJAz01DXjw=="
    },
    "node_modules/esbuild": {
      "version": "0.17.19",
      "resolved": "https://registry.npmjs.org/esbuild/-/esbuild-0.17.19.tgz",
      "integrity": "sha512-XQ0jAPFkK/u3LcVRcvVHQcTIqD6E2H1fvZMA5dQPSOWb3suUbWbfbRf94pjc0bNzRYLfIrDRQXr7X+LHIm5oHw==",
      "dev": true,
      "hasInstallScript": true,
      "bin": {
        "esbuild": "bin/esbuild"
      },
      "engines": {
        "node": ">=12"
      },
      "optionalDependencies": {
        "@esbuild/android-arm": "0.17.19",
        "@esbuild/android-arm64": "0.17.19",
        "@esbuild/android-x64": "0.17.19",
        "@esbuild/darwin-arm64": "0.17.19",
        "@esbuild/darwin-x64": "0.17.19",
        "@esbuild/freebsd-arm64": "0.17.19",
        "@esbuild/freebsd-x64": "0.17.19",
        "@esbuild/linux-arm": "0.17.19",
        "@esbuild/linux-arm64": "0.17.19",
        "@esbuild/linux-ia32": "0.17.19",
        "@esbuild/linux-loong64": "0.17.19",
        "@esbuild/linux-mips64el": "0.17.19",
        "@esbuild/linux-ppc64": "0.17.19",
        "@esbuild/linux-riscv64": "0.17.19",
        "@esbuild/linux-s390x": "0.17.19",
        "@esbuild/linux-x64": "0.17.19",
        "@esbuild/netbsd-x64": "0.17.19",
        "@esbuild/openbsd-x64": "0.17.19",
        "@esbuild/sunos-x64": "0.17.19",
        "@esbuild/win32-arm64": "0.17.19",
        "@esbuild/win32-ia32": "0.17.19",
        "@esbuild/win32-x64": "0.17.19"
      }
    },
    "node_modules/escape-html": {
      "version": "1.0.3",
      "resolved": "https://registry.npmjs.org/escape-html/-/escape-html-1.0.3.tgz",
      "integrity": "sha512-NiSupZ4OeuGwr68lGIeym/ksIZMJodUGOSCZ/FSnTxcrekbvqrgdUxlJOMpijaKZVjAJrWrGs/6Jy8OMuyj9ow=="
    },
    "node_modules/escape-string-regexp": {
      "version": "4.0.0",
      "resolved": "https://registry.npmjs.org/escape-string-regexp/-/escape-string-regexp-4.0.0.tgz",
      "integrity": "sha512-TtpcNJ3XAzx3Gq8sWRzJaVajRs0uVxA2YAkdb1jm2YkPz4G6egUFAyA3n5vtEIZefPk5Wa4UXbKuS5fKkJWdgA==",
      "dev": true,
      "engines": {
        "node": ">=10"
      },
      "funding": {
        "url": "https://github.com/sponsors/sindresorhus"
      }
    },
    "node_modules/estree-walker": {
      "version": "0.6.1",
      "resolved": "https://registry.npmjs.org/estree-walker/-/estree-walker-0.6.1.tgz",
      "integrity": "sha512-SqmZANLWS0mnatqbSfRP5g8OXZC12Fgg1IwNtLsyHDzJizORW4khDfjPqJZsemPWBB2uqykUah5YpQ6epsqC/w==",
      "dev": true
    },
    "node_modules/exit-hook": {
      "version": "2.2.1",
      "resolved": "https://registry.npmjs.org/exit-hook/-/exit-hook-2.2.1.tgz",
      "integrity": "sha512-eNTPlAD67BmP31LDINZ3U7HSF8l57TxOY2PmBJ1shpCvpnxBF93mWCE8YHBnXs8qiUZJc9WDcWIeC3a2HIAMfw==",
      "dev": true,
      "engines": {
        "node": ">=6"
      },
      "funding": {
        "url": "https://github.com/sponsors/sindresorhus"
      }
    },
    "node_modules/fflate": {
      "version": "0.7.4",
      "resolved": "https://registry.npmjs.org/fflate/-/fflate-0.7.4.tgz",
      "integrity": "sha512-5u2V/CDW15QM1XbbgS+0DfPxVB+jUKhWEKuuFuHncbk3tEEqzmoXL+2KyOFuKGqOnmdIy0/davWF1CkuwtibCw=="
    },
    "node_modules/fsevents": {
      "version": "2.3.3",
      "resolved": "https://registry.npmjs.org/fsevents/-/fsevents-2.3.3.tgz",
      "integrity": "sha512-5xoDfX+fL7faATnagmWPpbFtwh/R77WmMMqqHGS65C3vvB0YHrgF+B1YmZ3441tMj5n63k0212XNoJwzlhffQw==",
      "dev": true,
      "hasInstallScript": true,
      "optional": true,
      "os": [
        "darwin"
      ],
      "engines": {
        "node": "^8.16.0 || ^10.6.0 || >=11.0.0"
      }
    },
    "node_modules/get-source": {
      "version": "2.0.12",
      "resolved": "https://registry.npmjs.org/get-source/-/get-source-2.0.12.tgz",
      "integrity": "sha512-X5+4+iD+HoSeEED+uwrQ07BOQr0kEDFMVqqpBuI+RaZBpBpHCuXxo70bjar6f0b0u/DQJsJ7ssurpP0V60Az+w==",
      "dev": true,
      "dependencies": {
        "data-uri-to-buffer": "^2.0.0",
        "source-map": "^0.6.1"
      }
    },
    "node_modules/glob-to-regexp": {
      "version": "0.4.1",
      "resolved": "https://registry.npmjs.org/glob-to-regexp/-/glob-to-regexp-0.4.1.tgz",
      "integrity": "sha512-lkX1HJXwyMcprw/5YUZc2s7DrpAiHB21/V+E1rHUrVNokkvB6bqMzT0VfV6/86ZNabt1k14YOIaT7nDvOX3Iiw==",
      "dev": true
    },
    "node_modules/hex-rgb": {
      "version": "4.3.0",
      "resolved": "https://registry.npmjs.org/hex-rgb/-/hex-rgb-4.3.0.tgz",
      "integrity": "sha512-Ox1pJVrDCyGHMG9CFg1tmrRUMRPRsAWYc/PinY0XzJU4K7y7vjNoLKIQ7BR5UJMCxNN8EM1MNDmHWA/B3aZUuw==",
      "engines": {
        "node": ">=6"
      },
      "funding": {
        "url": "https://github.com/sponsors/sindresorhus"
      }
    },
    "node_modules/hono": {
      "version": "4.6.16",
      "resolved": "https://registry.npmjs.org/hono/-/hono-4.6.16.tgz",
      "integrity": "sha512-iE6xOPwDYlfnZFwk6BfIMMIH4WZm3pPhz6rc1uJM/OPew0pjG5K6p8WTLaMBY1/szF/T0TaEjprMpwn16BA0NQ==",
      "engines": {
        "node": ">=16.9.0"
      }
    },
    "node_modules/just-camel-case": {
      "version": "6.2.0",
      "resolved": "https://registry.npmjs.org/just-camel-case/-/just-camel-case-6.2.0.tgz",
      "integrity": "sha512-ICenRLXwkQYLk3UyvLQZ+uKuwFVJ3JHFYFn7F2782G2Mv2hW8WPePqgdhpnjGaqkYtSVWnyCESZhGXUmY3/bEg=="
    },
    "node_modules/linebreak": {
      "version": "1.1.0",
      "resolved": "https://registry.npmjs.org/linebreak/-/linebreak-1.1.0.tgz",
      "integrity": "sha512-MHp03UImeVhB7XZtjd0E4n6+3xr5Dq/9xI/5FptGk5FrbDR3zagPa2DS6U8ks/3HjbKWG9Q1M2ufOzxV2qLYSQ==",
      "dependencies": {
        "base64-js": "0.0.8",
        "unicode-trie": "^2.0.0"
      }
    },
    "node_modules/magic-string": {
      "version": "0.25.9",
      "resolved": "https://registry.npmjs.org/magic-string/-/magic-string-0.25.9.tgz",
      "integrity": "sha512-RmF0AsMzgt25qzqqLc1+MbHmhdx0ojF2Fvs4XnOqz2ZOBXzzkEwc/dJQZCYHAn7v1jbVOjAZfK8msRn4BxO4VQ==",
      "dev": true,
      "dependencies": {
        "sourcemap-codec": "^1.4.8"
      }
    },
    "node_modules/mime": {
      "version": "3.0.0",
      "resolved": "https://registry.npmjs.org/mime/-/mime-3.0.0.tgz",
      "integrity": "sha512-jSCU7/VB1loIWBZe14aEYHU/+1UMEHoaO7qxCOVJOw9GgH72VAWppxNcjU+x9a2k3GSIBXNKxXQFqRvvZ7vr3A==",
      "dev": true,
      "bin": {
        "mime": "cli.js"
      },
      "engines": {
        "node": ">=10.0.0"
      }
    },
    "node_modules/miniflare": {
      "version": "3.20241230.2",
      "resolved": "https://registry.npmjs.org/miniflare/-/miniflare-3.20241230.2.tgz",
      "integrity": "sha512-gFC3IaUKrLGdtA6y6PLpC/QE5YAjB5ITCfBZHkosRyFZ9ApaCHKcHRvrEFMc/R19QxxtHD+G3tExEHp7MmtsYQ==",
      "dev": true,
      "dependencies": {
        "@cspotcode/source-map-support": "0.8.1",
        "acorn": "^8.8.0",
        "acorn-walk": "^8.2.0",
        "capnp-ts": "^0.7.0",
        "exit-hook": "^2.2.1",
        "glob-to-regexp": "^0.4.1",
        "stoppable": "^1.1.0",
        "undici": "^5.28.4",
        "workerd": "1.20241230.0",
        "ws": "^8.18.0",
        "youch": "^3.2.2",
        "zod": "^3.22.3"
      },
      "bin": {
        "miniflare": "bootstrap.js"
      },
      "engines": {
        "node": ">=16.13"
      }
    },
    "node_modules/mlly": {
      "version": "1.7.4",
      "resolved": "https://registry.npmjs.org/mlly/-/mlly-1.7.4.tgz",
      "integrity": "sha512-qmdSIPC4bDJXgZTCR7XosJiNKySV7O215tsPtDN9iEO/7q/76b/ijtgRu/+epFXSJhijtTCCGp3DWS549P3xKw==",
      "dev": true,
      "dependencies": {
        "acorn": "^8.14.0",
        "pathe": "^2.0.1",
        "pkg-types": "^1.3.0",
        "ufo": "^1.5.4"
      }
    },
    "node_modules/mlly/node_modules/pathe": {
      "version": "2.0.1",
      "resolved": "https://registry.npmjs.org/pathe/-/pathe-2.0.1.tgz",
      "integrity": "sha512-6jpjMpOth5S9ITVu5clZ7NOgHNsv5vRQdheL9ztp2vZmM6fRbLvyua1tiBIL4lk8SAe3ARzeXEly6siXCjDHDw==",
      "dev": true
    },
    "node_modules/ms": {
      "version": "2.1.3",
      "resolved": "https://registry.npmjs.org/ms/-/ms-2.1.3.tgz",
      "integrity": "sha512-6FlzubTLZG3J2a/NVCAleEhjzq5oxgHyaCU9yYXvcLsvoVaHJq/s5xXI6/XXP6tz7R9xAOtHnSO/tXtF3WRTlA==",
      "dev": true
    },
    "node_modules/mustache": {
      "version": "4.2.0",
      "resolved": "https://registry.npmjs.org/mustache/-/mustache-4.2.0.tgz",
      "integrity": "sha512-71ippSywq5Yb7/tVYyGbkBggbU8H3u5Rz56fH60jGFgr8uHwxs+aSKeqmluIVzM0m0kB7xQjKS6qPfd0b2ZoqQ==",
      "dev": true,
      "bin": {
        "mustache": "bin/mustache"
      }
    },
    "node_modules/ohash": {
      "version": "1.1.4",
      "resolved": "https://registry.npmjs.org/ohash/-/ohash-1.1.4.tgz",
      "integrity": "sha512-FlDryZAahJmEF3VR3w1KogSEdWX3WhA5GPakFx4J81kEAiHyLMpdLLElS8n8dfNadMgAne/MywcvmogzscVt4g==",
      "dev": true
    },
    "node_modules/pako": {
      "version": "0.2.9",
      "resolved": "https://registry.npmjs.org/pako/-/pako-0.2.9.tgz",
      "integrity": "sha512-NUcwaKxUxWrZLpDG+z/xZaCgQITkA/Dv4V/T6bw7VON6l1Xz/VnrBqrYjZQ12TamKHzITTfOEIYUj48y2KXImA=="
    },
    "node_modules/parse-css-color": {
      "version": "0.2.1",
      "resolved": "https://registry.npmjs.org/parse-css-color/-/parse-css-color-0.2.1.tgz",
      "integrity": "sha512-bwS/GGIFV3b6KS4uwpzCFj4w297Yl3uqnSgIPsoQkx7GMLROXfMnWvxfNkL0oh8HVhZA4hvJoEoEIqonfJ3BWg==",
      "dependencies": {
        "color-name": "^1.1.4",
        "hex-rgb": "^4.1.0"
      }
    },
    "node_modules/path-to-regexp": {
      "version": "6.3.0",
      "resolved": "https://registry.npmjs.org/path-to-regexp/-/path-to-regexp-6.3.0.tgz",
      "integrity": "sha512-Yhpw4T9C6hPpgPeA28us07OJeqZ5EzQTkbfwuhsUg0c237RomFoETJgmp2sa3F/41gfLE6G5cqcYwznmeEeOlQ==",
      "dev": true
    },
    "node_modules/pathe": {
      "version": "1.1.2",
      "resolved": "https://registry.npmjs.org/pathe/-/pathe-1.1.2.tgz",
      "integrity": "sha512-whLdWMYL2TwI08hn8/ZqAbrVemu0LNaNNJZX73O6qaIdCTfXutsLhMkjdENX0qhsQ9uIimo4/aQOmXkoon2nDQ==",
      "dev": true
    },
    "node_modules/pkg-types": {
      "version": "1.3.1",
      "resolved": "https://registry.npmjs.org/pkg-types/-/pkg-types-1.3.1.tgz",
      "integrity": "sha512-/Jm5M4RvtBFVkKWRu2BLUTNP8/M2a+UwuAX+ae4770q1qVGtfjG+WTCupoZixokjmHiry8uI+dlY8KXYV5HVVQ==",
      "dev": true,
      "dependencies": {
        "confbox": "^0.1.8",
        "mlly": "^1.7.4",
        "pathe": "^2.0.1"
      }
    },
    "node_modules/pkg-types/node_modules/pathe": {
      "version": "2.0.1",
      "resolved": "https://registry.npmjs.org/pathe/-/pathe-2.0.1.tgz",
      "integrity": "sha512-6jpjMpOth5S9ITVu5clZ7NOgHNsv5vRQdheL9ztp2vZmM6fRbLvyua1tiBIL4lk8SAe3ARzeXEly6siXCjDHDw==",
      "dev": true
    },
    "node_modules/postcss-value-parser": {
      "version": "4.2.0",
      "resolved": "https://registry.npmjs.org/postcss-value-parser/-/postcss-value-parser-4.2.0.tgz",
      "integrity": "sha512-1NNCs6uurfkVbeXG4S8JFT9t19m45ICnif8zWLd5oPSZ50QnwMfK+H3jv408d4jw/7Bttv5axS5IiHoLaVNHeQ=="
    },
    "node_modules/printable-characters": {
      "version": "1.0.42",
      "resolved": "https://registry.npmjs.org/printable-characters/-/printable-characters-1.0.42.tgz",
      "integrity": "sha512-dKp+C4iXWK4vVYZmYSd0KBH5F/h1HoZRsbJ82AVKRO3PEo8L4lBS/vLwhVtpwwuYcoIsVY+1JYKR268yn480uQ==",
      "dev": true
    },
    "node_modules/rollup-plugin-inject": {
      "version": "3.0.2",
      "resolved": "https://registry.npmjs.org/rollup-plugin-inject/-/rollup-plugin-inject-3.0.2.tgz",
      "integrity": "sha512-ptg9PQwzs3orn4jkgXJ74bfs5vYz1NCZlSQMBUA0wKcGp5i5pA1AO3fOUEte8enhGUC+iapTCzEWw2jEFFUO/w==",
      "deprecated": "This package has been deprecated and is no longer maintained. Please use @rollup/plugin-inject.",
      "dev": true,
      "dependencies": {
        "estree-walker": "^0.6.1",
        "magic-string": "^0.25.3",
        "rollup-pluginutils": "^2.8.1"
      }
    },
    "node_modules/rollup-plugin-node-polyfills": {
      "version": "0.2.1",
      "resolved": "https://registry.npmjs.org/rollup-plugin-node-polyfills/-/rollup-plugin-node-polyfills-0.2.1.tgz",
      "integrity": "sha512-4kCrKPTJ6sK4/gLL/U5QzVT8cxJcofO0OU74tnB19F40cmuAKSzH5/siithxlofFEjwvw1YAhPmbvGNA6jEroA==",
      "dev": true,
      "dependencies": {
        "rollup-plugin-inject": "^3.0.0"
      }
    },
    "node_modules/rollup-pluginutils": {
      "version": "2.8.2",
      "resolved": "https://registry.npmjs.org/rollup-pluginutils/-/rollup-pluginutils-2.8.2.tgz",
      "integrity": "sha512-EEp9NhnUkwY8aif6bxgovPHMoMoNr2FulJziTndpt5H9RdwC47GSGuII9XxpSdzVGM0GWrNPHV6ie1LTNJPaLQ==",
      "dev": true,
      "dependencies": {
        "estree-walker": "^0.6.1"
      }
    },
    "node_modules/satori": {
      "version": "0.10.14",
      "resolved": "https://registry.npmjs.org/satori/-/satori-0.10.14.tgz",
      "integrity": "sha512-abovcqmwl97WKioxpkfuMeZmndB1TuDFY/R+FymrZyiGP+pMYomvgSzVPnbNMWHHESOPosVHGL352oFbdAnJcA==",
      "dependencies": {
        "@shuding/opentype.js": "1.4.0-beta.0",
        "css-background-parser": "^0.1.0",
        "css-box-shadow": "1.0.0-3",
        "css-to-react-native": "^3.0.0",
        "emoji-regex": "^10.2.1",
        "escape-html": "^1.0.3",
        "linebreak": "^1.1.0",
        "parse-css-color": "^0.2.1",
        "postcss-value-parser": "^4.2.0",
        "yoga-wasm-web": "^0.3.3"
      },
      "engines": {
        "node": ">=16"
      }
    },
    "node_modules/source-map": {
      "version": "0.6.1",
      "resolved": "https://registry.npmjs.org/source-map/-/source-map-0.6.1.tgz",
      "integrity": "sha512-UjgapumWlbMhkBgzT7Ykc5YXUT46F0iKu8SGXq0bcwP5dz/h0Plj6enJqjz1Zbq2l5WaqYnrVbwWOWMyF3F47g==",
      "dev": true,
      "engines": {
        "node": ">=0.10.0"
      }
    },
    "node_modules/sourcemap-codec": {
      "version": "1.4.8",
      "resolved": "https://registry.npmjs.org/sourcemap-codec/-/sourcemap-codec-1.4.8.tgz",
      "integrity": "sha512-9NykojV5Uih4lgo5So5dtw+f0JgJX30KCNI8gwhz2J9A15wD0Ml6tjHKwf6fTSa6fAdVBdZeNOs9eJ71qCk8vA==",
      "deprecated": "Please use @jridgewell/sourcemap-codec instead",
      "dev": true
    },
    "node_modules/stacktracey": {
      "version": "2.1.8",
      "resolved": "https://registry.npmjs.org/stacktracey/-/stacktracey-2.1.8.tgz",
      "integrity": "sha512-Kpij9riA+UNg7TnphqjH7/CzctQ/owJGNbFkfEeve4Z4uxT5+JapVLFXcsurIfN34gnTWZNJ/f7NMG0E8JDzTw==",
      "dev": true,
      "dependencies": {
        "as-table": "^1.0.36",
        "get-source": "^2.0.12"
      }
    },
    "node_modules/stoppable": {
      "version": "1.1.0",
      "resolved": "https://registry.npmjs.org/stoppable/-/stoppable-1.1.0.tgz",
      "integrity": "sha512-KXDYZ9dszj6bzvnEMRYvxgeTHU74QBFL54XKtP3nyMuJ81CFYtABZ3bAzL2EdFUaEwJOBOgENyFj3R7oTzDyyw==",
      "dev": true,
      "engines": {
        "node": ">=4",
        "npm": ">=6"
      }
    },
    "node_modules/string.prototype.codepointat": {
      "version": "0.2.1",
      "resolved": "https://registry.npmjs.org/string.prototype.codepointat/-/string.prototype.codepointat-0.2.1.tgz",
      "integrity": "sha512-2cBVCj6I4IOvEnjgO/hWqXjqBGsY+zwPmHl12Srk9IXSZ56Jwwmy+66XO5Iut/oQVR7t5ihYdLB0GMa4alEUcg=="
    },
    "node_modules/tiny-inflate": {
      "version": "1.0.3",
      "resolved": "https://registry.npmjs.org/tiny-inflate/-/tiny-inflate-1.0.3.tgz",
      "integrity": "sha512-pkY1fj1cKHb2seWDy0B16HeWyczlJA9/WW3u3c4z/NiWDsO3DOU5D7nhTLE9CF0yXv/QZFY7sEJmj24dK+Rrqw=="
    },
    "node_modules/tslib": {
      "version": "2.8.1",
      "resolved": "https://registry.npmjs.org/tslib/-/tslib-2.8.1.tgz",
      "integrity": "sha512-oJFu94HQb+KVduSUQL7wnpmqnfmLsOA/nAh6b6EH0wCEoK0/mPeXU6c3wKDV83MkOuHPRHtSXKKU99IBazS/2w==",
      "dev": true
    },
    "node_modules/ufo": {
      "version": "1.5.4",
      "resolved": "https://registry.npmjs.org/ufo/-/ufo-1.5.4.tgz",
      "integrity": "sha512-UsUk3byDzKd04EyoZ7U4DOlxQaD14JUKQl6/P7wiX4FNvUfm3XL246n9W5AmqwW5RSFJ27NAuM0iLscAOYUiGQ==",
      "dev": true
    },
    "node_modules/undici": {
      "version": "5.28.4",
      "resolved": "https://registry.npmjs.org/undici/-/undici-5.28.4.tgz",
      "integrity": "sha512-72RFADWFqKmUb2hmmvNODKL3p9hcB6Gt2DOQMis1SEBaV6a4MH8soBvzg+95CYhCKPFedut2JY9bMfrDl9D23g==",
      "dev": true,
      "dependencies": {
        "@fastify/busboy": "^2.0.0"
      },
      "engines": {
        "node": ">=14.0"
      }
    },
    "node_modules/unenv": {
      "name": "unenv-nightly",
      "version": "2.0.0-20241218-183400-5d6aec3",
      "resolved": "https://registry.npmjs.org/unenv-nightly/-/unenv-nightly-2.0.0-20241218-183400-5d6aec3.tgz",
      "integrity": "sha512-7Xpi29CJRbOV1/IrC03DawMJ0hloklDLq/cigSe+J2jkcC+iDres2Cy0r4ltj5f0x7DqsaGaB4/dLuCPPFZnZA==",
      "dev": true,
      "dependencies": {
        "defu": "^6.1.4",
        "mlly": "^1.7.3",
        "ohash": "^1.1.4",
        "pathe": "^1.1.2",
        "ufo": "^1.5.4"
      }
    },
    "node_modules/unicode-trie": {
      "version": "2.0.0",
      "resolved": "https://registry.npmjs.org/unicode-trie/-/unicode-trie-2.0.0.tgz",
      "integrity": "sha512-x7bc76x0bm4prf1VLg79uhAzKw8DVboClSN5VxJuQ+LKDOVEW9CdH+VY7SP+vX7xCYQqzzgQpFqz15zeLvAtZQ==",
      "dependencies": {
        "pako": "^0.2.5",
        "tiny-inflate": "^1.0.0"
      }
    },
    "node_modules/workerd": {
      "version": "1.20241230.0",
      "resolved": "https://registry.npmjs.org/workerd/-/workerd-1.20241230.0.tgz",
      "integrity": "sha512-EgixXP0JGXGq6J9lz17TKIZtfNDUvJNG+cl9paPMfZuYWT920fFpBx+K04YmnbQRLnglsivF1GT9pxh1yrlWhg==",
      "dev": true,
      "hasInstallScript": true,
      "bin": {
        "workerd": "bin/workerd"
      },
      "engines": {
        "node": ">=16"
      },
      "optionalDependencies": {
        "@cloudflare/workerd-darwin-64": "1.20241230.0",
        "@cloudflare/workerd-darwin-arm64": "1.20241230.0",
        "@cloudflare/workerd-linux-64": "1.20241230.0",
        "@cloudflare/workerd-linux-arm64": "1.20241230.0",
        "@cloudflare/workerd-windows-64": "1.20241230.0"
      }
    },
    "node_modules/workers-og": {
      "version": "0.0.25",
      "resolved": "https://registry.npmjs.org/workers-og/-/workers-og-0.0.25.tgz",
      "integrity": "sha512-OkTyqCkUCUpGHwMwGmVCMtFPUASf9oBEiCYyOVMBDnUidTQt7AwvDx5EIuCMuQELUGm/tIyvvC8OU/hBsxlBUw==",
      "dependencies": {
        "@resvg/resvg-wasm": "^2.4.0",
        "just-camel-case": "^6.2.0",
        "satori": "^0.10.11",
        "yoga-wasm-web": "^0.3.3"
      }
    },
    "node_modules/wrangler": {
      "version": "3.102.0",
      "resolved": "https://registry.npmjs.org/wrangler/-/wrangler-3.102.0.tgz",
      "integrity": "sha512-Za4DstbS3+/hu+///K/4dFFeV6XbPBAGp7NCnVajchxRTwEPTdbO5eezH0HLJPMHK6G/0yIzyhlEMnyg4YzHAA==",
      "dev": true,
      "dependencies": {
        "@cloudflare/kv-asset-handler": "0.3.4",
        "@esbuild-plugins/node-globals-polyfill": "0.2.3",
        "@esbuild-plugins/node-modules-polyfill": "0.2.2",
        "blake3-wasm": "2.1.5",
        "esbuild": "0.17.19",
        "miniflare": "3.20241230.2",
        "path-to-regexp": "6.3.0",
        "unenv": "npm:unenv-nightly@2.0.0-20241218-183400-5d6aec3",
        "workerd": "1.20241230.0"
      },
      "bin": {
        "wrangler": "bin/wrangler.js",
        "wrangler2": "bin/wrangler.js"
      },
      "engines": {
        "node": ">=16.17.0"
      },
      "optionalDependencies": {
        "fsevents": "~2.3.2"
      },
      "peerDependencies": {
        "@cloudflare/workers-types": "^4.20241230.0"
      },
      "peerDependenciesMeta": {
        "@cloudflare/workers-types": {
          "optional": true
        }
      }
    },
    "node_modules/ws": {
      "version": "8.18.0",
      "resolved": "https://registry.npmjs.org/ws/-/ws-8.18.0.tgz",
      "integrity": "sha512-8VbfWfHLbbwu3+N6OKsOMpBdT4kXPDDB9cJk2bJ6mh9ucxdlnNvH1e+roYkKmN9Nxw2yjz7VzeO9oOz2zJ04Pw==",
      "dev": true,
      "engines": {
        "node": ">=10.0.0"
      },
      "peerDependencies": {
        "bufferutil": "^4.0.1",
        "utf-8-validate": ">=5.0.2"
      },
      "peerDependenciesMeta": {
        "bufferutil": {
          "optional": true
        },
        "utf-8-validate": {
          "optional": true
        }
      }
    },
    "node_modules/yoga-wasm-web": {
      "version": "0.3.3",
      "resolved": "https://registry.npmjs.org/yoga-wasm-web/-/yoga-wasm-web-0.3.3.tgz",
      "integrity": "sha512-N+d4UJSJbt/R3wqY7Coqs5pcV0aUj2j9IaQ3rNj9bVCLld8tTGKRa2USARjnvZJWVx1NDmQev8EknoczaOQDOA=="
    },
    "node_modules/youch": {
      "version": "3.3.4",
      "resolved": "https://registry.npmjs.org/youch/-/youch-3.3.4.tgz",
      "integrity": "sha512-UeVBXie8cA35DS6+nBkls68xaBBXCye0CNznrhszZjTbRVnJKQuNsyLKBTTL4ln1o1rh2PKtv35twV7irj5SEg==",
      "dev": true,
      "dependencies": {
        "cookie": "^0.7.1",
        "mustache": "^4.2.0",
        "stacktracey": "^2.1.8"
      }
    },
    "node_modules/zod": {
      "version": "3.24.1",
      "resolved": "https://registry.npmjs.org/zod/-/zod-3.24.1.tgz",
      "integrity": "sha512-muH7gBL9sI1nciMZV67X5fTKKBLtwpZ5VBp1vsOQzj1MhrBZ4wlVCm3gedKZWLp0Oyel8sIGfeiz54Su+OVT+A==",
      "dev": true,
      "funding": {
        "url": "https://github.com/sponsors/colinhacks"
      }
    }
  }
}
